<?xml version="1.0" encoding="UTF-8" standalone="yes" ?>
<CodeBlocks_project_file>
	<FileVersion major="1" minor="6" />
	<Project>
		<Option title="MatchingExpression" />
		<Option pch_mode="2" />
		<Option compiler="gcc" />
		<Build>
			<Target title="Debug">
				<Option output="bin/Debug/MatchingExpression" prefix_auto="1" extension_auto="1" />
				<Option object_output="obj/Debug/" />
				<Option type="1" />
				<Option compiler="gcc" />
				<Compiler>
					<Add option="-g" />
					<Add directory="src/Graphics" />
					<Add directory="src/Play" />
					<Add directory="src/Scene" />
				</Compiler>
			</Target>
			<Target title="Release">
				<Option output="bin/Release/MatchingExpression" prefix_auto="1" extension_auto="1" />
				<Option object_output="obj/Release/" />
				<Option type="0" />
				<Option compiler="gcc" />
				<Compiler>
					<Add option="-O2" />
					<Add directory="src/Graphics" />
					<Add directory="src/Play" />
					<Add directory="src/Scene" />
				</Compiler>
				<Linker>
					<Add option="-s" />
				</Linker>
			</Target>
		</Build>
		<Compiler>
			<Add option="-Wall" />
			<Add directory="../SDL2-2.0.14/i686-w64-mingw32/include" />
		</Compiler>
		<Linker>
			<Add library="mingw32" />
			<Add library="SDL2main" />
			<Add library="SDL2.dll" />
			<Add library="user32" />
			<Add library="gdi32" />
			<Add library="winmm" />
			<Add library="dxguid" />
			<Add directory="../SDL2-2.0.14/i686-w64-mingw32/lib" />
		</Linker>
		<ExtraCommands>
			<Add after="XCOPY $(#sdl2)\bin\*.dll $(TARGET_OUTPUT_DIR) /D /Y" />
		</ExtraCommands>
		<Unit filename="main.cpp" />
		<Unit filename="src/Graphics/Graphics.cpp" />
		<Unit filename="src/Graphics/Graphics.h" />
		<Unit filename="src/Graphics/Text.cpp" />
		<Unit filename="src/Graphics/Text.h" />
		<Unit filename="src/Play/Play.cpp" />
		<Unit filename="src/Play/Play.h" />
		<Unit filename="src/Scene/Game.cpp" />
		<Unit filename="src/Scene/Game.h" />
		<Unit filename="src/Scene/Scene.cpp" />
		<Unit filename="src/Scene/Scene.h" />
		<Extensions>
			<code_completion />
			<envvars />
			<debugger />
		</Extensions>
	</Project>
</CodeBlocks_project_file>
